lockfileVersion: '9.0'

settings:
  autoInstallPeers: true
  excludeLinksFromLockfile: false

importers:

  .:
    dependencies:
      node-eventstore-client:
        specifier: ^23.10.0
        version: 23.10.0
      tslib:
        specifier: ^2.3.0
        version: 2.8.1
    devDependencies:
      jsonc-eslint-parser:
        specifier: ^2.4.0
        version: 2.4.0

packages:

  '@types/node@22.10.2':
    resolution: {integrity: sha512-Xxr6BBRCAOQixvonOye19wnzyDiUtTeqldOOmj3CkeblonbccA12PFwlufvRdrpjXxqnmUaeiU5EOA+7s5diUQ==}

  acorn-jsx@5.3.2:
    resolution: {integrity: sha512-rq9s+JNhf0IChjtDXxllJ7g41oZk5SlXtp0LHwyA5cejwn7vKmKp4pPri6YEePv2PU65sAsegbXtIinmDFDXgQ==}
    peerDependencies:
      acorn: ^6.0.0 || ^7.0.0 || ^8.0.0

  acorn@8.14.0:
    resolution: {integrity: sha512-cl669nCJTZBsL97OF4kUQm5g5hC2uihk0NxY3WENAC0TYdILVkAyHymAntgxGkl7K+t0cXIrH5siy5S4XkFycA==}
    engines: {node: '>=0.4.0'}
    hasBin: true

  eslint-visitor-keys@3.4.3:
    resolution: {integrity: sha512-wpc+LXeiyiisxPlEkUzU6svyS1frIO3Mgxj1fdy7Pm8Ygzguax2N3Fa/D/ag1WqbOprdI+uY6wMUl8/a2G+iag==}
    engines: {node: ^12.22.0 || ^14.17.0 || >=16.0.0}

  espree@9.6.1:
    resolution: {integrity: sha512-oruZaFkjorTpF32kDSI5/75ViwGeZginGGy2NoOSg3Q9bnwlnmDm4HLnkl0RE3n+njDXR037aY1+x58Z/zFdwQ==}
    engines: {node: ^12.22.0 || ^14.17.0 || >=16.0.0}

  jsonc-eslint-parser@2.4.0:
    resolution: {integrity: sha512-WYDyuc/uFcGp6YtM2H0uKmUwieOuzeE/5YocFJLnLfclZ4inf3mRn8ZVy1s7Hxji7Jxm6Ss8gqpexD/GlKoGgg==}
    engines: {node: ^12.22.0 || ^14.17.0 || >=16.0.0}

  long@5.2.3:
    resolution: {integrity: sha512-lcHwpNoggQTObv5apGNCTdJrO69eHOZMi4BNC+rTLER8iHAqGrUVeLh/irVIM7zTw2bOXA8T6uNPeujwOLg/2Q==}

  node-eventstore-client@23.10.0:
    resolution: {integrity: sha512-ps7OW9jJ73OHfj/CDMa31/E3E6gf/4PAPItJfi9eDrrQryuiy7M+SSvwTBk+JmkxP51eSPWrNFpydWMSlJM3uA==}
    engines: {node: '>=14', npm: '>=6'}

  semver@7.6.3:
    resolution: {integrity: sha512-oVekP1cKtI+CTDvHWYFUcMtsK/00wmAEfyqKfNdARm8u1wNVhSgaX7A8d4UuIlUI5e84iEwOhs7ZPYRmzU9U6A==}
    engines: {node: '>=10'}
    hasBin: true

  strict-event-emitter-types@1.2.0:
    resolution: {integrity: sha512-KqQQvQapOVn99SI/L6tEnW2mDXWddzlr+D1AAmiaXqI7Annq2hbfac8XnZzZHXOV50dCKtUsw1OCNjCezFHAMw==}

  tslib@2.8.1:
    resolution: {integrity: sha512-oJFu94HQb+KVduSUQL7wnpmqnfmLsOA/nAh6b6EH0wCEoK0/mPeXU6c3wKDV83MkOuHPRHtSXKKU99IBazS/2w==}

  undici-types@6.20.0:
    resolution: {integrity: sha512-Ny6QZ2Nju20vw1SRHe3d9jVu6gJ+4e3+MMpqu7pqE5HT6WsTSlce++GQmK5UXS8mzV8DSYHrQH+Xrf2jVcuKNg==}

  uuid@9.0.1:
    resolution: {integrity: sha512-b+1eJOlsR9K8HJpow9Ok3fiWOWSIcIzXodvv0rQjVoOVNpWMpxf1wZNpt4y9h10odCNrqnYp1OBzRktckBe3sA==}
    hasBin: true

snapshots:

  '@types/node@22.10.2':
    dependencies:
      undici-types: 6.20.0

  acorn-jsx@5.3.2(acorn@8.14.0):
    dependencies:
      acorn: 8.14.0

  acorn@8.14.0: {}

  eslint-visitor-keys@3.4.3: {}

  espree@9.6.1:
    dependencies:
      acorn: 8.14.0
      acorn-jsx: 5.3.2(acorn@8.14.0)
      eslint-visitor-keys: 3.4.3

  jsonc-eslint-parser@2.4.0:
    dependencies:
      acorn: 8.14.0
      eslint-visitor-keys: 3.4.3
      espree: 9.6.1
      semver: 7.6.3

  long@5.2.3: {}

  node-eventstore-client@23.10.0:
    dependencies:
      '@types/node': 22.10.2
      long: 5.2.3
      strict-event-emitter-types: 1.2.0
      uuid: 9.0.1

  semver@7.6.3: {}

  strict-event-emitter-types@1.2.0: {}

  tslib@2.8.1: {}

  undici-types@6.20.0: {}

  uuid@9.0.1: {}
